// !$*UTF8*$!
{
	archiveVersion = 1;
	classes = {
	};
	objectVersion = 77;
	objects = {

/* Begin PBXBuildFile section */
		996898572D51F8F7001F2FF7 /* GoogleSignIn in Frameworks */ = {isa = PBXBuildFile; productRef = 996898562D51F8F7001F2FF7 /* GoogleSignIn */; };
		996898592D51F8F7001F2FF7 /* GoogleSignInSwift in Frameworks */ = {isa = PBXBuildFile; productRef = 996898582D51F8F7001F2FF7 /* GoogleSignInSwift */; };
		9968985C2D51F9CF001F2FF7 /* Auth in Frameworks */ = {isa = PBXBuildFile; productRef = 9968985B2D51F9CF001F2FF7 /* Auth */; };
		9968985E2D51F9CF001F2FF7 /* Functions in Frameworks */ = {isa = PBXBuildFile; productRef = 9968985D2D51F9CF001F2FF7 /* Functions */; };
		996898602D51F9CF001F2FF7 /* PostgREST in Frameworks */ = {isa = PBXBuildFile; productRef = 9968985F2D51F9CF001F2FF7 /* PostgREST */; };
		996898622D51F9CF001F2FF7 /* Realtime in Frameworks */ = {isa = PBXBuildFile; productRef = 996898612D51F9CF001F2FF7 /* Realtime */; };
		996898642D51F9CF001F2FF7 /* Storage in Frameworks */ = {isa = PBXBuildFile; productRef = 996898632D51F9CF001F2FF7 /* Storage */; };
		998F2F7B2D51FEFB001FE0A2 /* Supabase in Frameworks */ = {isa = PBXBuildFile; productRef = 998F2F7A2D51FEFB001FE0A2 /* Supabase */; };
		99E464BA2D528AF400F3CE22 /* test.plist in Resources */ = {isa = PBXBuildFile; fileRef = 99E464B92D528AF000F3CE22 /* test.plist */; };
/* End PBXBuildFile section */

/* Begin PBXContainerItemProxy section */
		996898392D51F6F1001F2FF7 /* PBXContainerItemProxy */ = {
			isa = PBXContainerItemProxy;
			containerPortal = 996898202D51F6EF001F2FF7 /* Project object */;
			proxyType = 1;
			remoteGlobalIDString = 996898272D51F6EF001F2FF7;
			remoteInfo = PersonalAssistant;
		};
		996898432D51F6F1001F2FF7 /* PBXContainerItemProxy */ = {
			isa = PBXContainerItemProxy;
			containerPortal = 996898202D51F6EF001F2FF7 /* Project object */;
			proxyType = 1;
			remoteGlobalIDString = 996898272D51F6EF001F2FF7;
			remoteInfo = PersonalAssistant;
		};
/* End PBXContainerItemProxy section */

/* Begin PBXFileReference section */
		996898282D51F6EF001F2FF7 /* PersonalAssistant.app */ = {isa = PBXFileReference; explicitFileType = wrapper.application; includeInIndex = 0; path = PersonalAssistant.app; sourceTree = BUILT_PRODUCTS_DIR; };
		996898382D51F6F1001F2FF7 /* PersonalAssistantTests.xctest */ = {isa = PBXFileReference; explicitFileType = wrapper.cfbundle; includeInIndex = 0; path = PersonalAssistantTests.xctest; sourceTree = BUILT_PRODUCTS_DIR; };
		996898422D51F6F1001F2FF7 /* PersonalAssistantUITests.xctest */ = {isa = PBXFileReference; explicitFileType = wrapper.cfbundle; includeInIndex = 0; path = PersonalAssistantUITests.xctest; sourceTree = BUILT_PRODUCTS_DIR; };
		99E464B92D528AF000F3CE22 /* test.plist */ = {isa = PBXFileReference; lastKnownFileType = text.plist; path = test.plist; sourceTree = "<group>"; };
/* End PBXFileReference section */

/* Begin PBXFileSystemSynchronizedRootGroup section */
		9968982A2D51F6EF001F2FF7 /* PersonalAssistant */ = {
			isa = PBXFileSystemSynchronizedRootGroup;
			path = PersonalAssistant;
			sourceTree = "<group>";
		};
		9968983B2D51F6F1001F2FF7 /* PersonalAssistantTests */ = {
			isa = PBXFileSystemSynchronizedRootGroup;
			path = PersonalAssistantTests;
			sourceTree = "<group>";
		};
		996898452D51F6F1001F2FF7 /* PersonalAssistantUITests */ = {
			isa = PBXFileSystemSynchronizedRootGroup;
			path = PersonalAssistantUITests;
			sourceTree = "<group>";
		};
/* End PBXFileSystemSynchronizedRootGroup section */

/* Begin PBXFrameworksBuildPhase section */
		996898252D51F6EF001F2FF7 /* Frameworks */ = {
			isa = PBXFrameworksBuildPhase;
			buildActionMask = 2147483647;
			files = (
				996898572D51F8F7001F2FF7 /* GoogleSignIn in Frameworks */,
				996898592D51F8F7001F2FF7 /* GoogleSignInSwift in Frameworks */,
				996898642D51F9CF001F2FF7 /* Storage in Frameworks */,
				9968985E2D51F9CF001F2FF7 /* Functions in Frameworks */,
				998F2F7B2D51FEFB001FE0A2 /* Supabase in Frameworks */,
				996898622D51F9CF001F2FF7 /* Realtime in Frameworks */,
				9968985C2D51F9CF001F2FF7 /* Auth in Frameworks */,
				996898602D51F9CF001F2FF7 /* PostgREST in Frameworks */,
			);
			runOnlyForDeploymentPostprocessing = 0;
		};
		996898352D51F6F1001F2FF7 /* Frameworks */ = {
			isa = PBXFrameworksBuildPhase;
			buildActionMask = 2147483647;
			files = (
			);
			runOnlyForDeploymentPostprocessing = 0;
		};
		9968983F2D51F6F1001F2FF7 /* Frameworks */ = {
			isa = PBXFrameworksBuildPhase;
			buildActionMask = 2147483647;
			files = (
			);
			runOnlyForDeploymentPostprocessing = 0;
		};
/* End PBXFrameworksBuildPhase section */

/* Begin PBXGroup section */
		9968981F2D51F6EF001F2FF7 = {
			isa = PBXGroup;
			children = (
				99E464B92D528AF000F3CE22 /* test.plist */,
				9968982A2D51F6EF001F2FF7 /* PersonalAssistant */,
				9968983B2D51F6F1001F2FF7 /* PersonalAssistantTests */,
				996898452D51F6F1001F2FF7 /* PersonalAssistantUITests */,
				998F2F792D51FEFB001FE0A2 /* Frameworks */,
				996898292D51F6EF001F2FF7 /* Products */,
			);
			sourceTree = "<group>";
		};
		996898292D51F6EF001F2FF7 /* Products */ = {
			isa = PBXGroup;
			children = (
				996898282D51F6EF001F2FF7 /* PersonalAssistant.app */,
				996898382D51F6F1001F2FF7 /* PersonalAssistantTests.xctest */,
				996898422D51F6F1001F2FF7 /* PersonalAssistantUITests.xctest */,
			);
			name = Products;
			sourceTree = "<group>";
		};
		998F2F792D51FEFB001FE0A2 /* Frameworks */ = {
			isa = PBXGroup;
			children = (
			);
			name = Frameworks;
			sourceTree = "<group>";
		};
/* End PBXGroup section */

/* Begin PBXNativeTarget section */
		996898272D51F6EF001F2FF7 /* PersonalAssistant */ = {
			isa = PBXNativeTarget;
			buildConfigurationList = 9968984C2D51F6F1001F2FF7 /* Build configuration list for PBXNativeTarget "PersonalAssistant" */;
			buildPhases = (
				996898242D51F6EF001F2FF7 /* Sources */,
				996898252D51F6EF001F2FF7 /* Frameworks */,
				996898262D51F6EF001F2FF7 /* Resources */,
			);
			buildRules = (
			);
			dependencies = (
			);
			fileSystemSynchronizedGroups = (
				9968982A2D51F6EF001F2FF7 /* PersonalAssistant */,
			);
			name = PersonalAssistant;
			packageProductDependencies = (
				996898562D51F8F7001F2FF7 /* GoogleSignIn */,
				996898582D51F8F7001F2FF7 /* GoogleSignInSwift */,
				9968985B2D51F9CF001F2FF7 /* Auth */,
				9968985D2D51F9CF001F2FF7 /* Functions */,
				9968985F2D51F9CF001F2FF7 /* PostgREST */,
				996898612D51F9CF001F2FF7 /* Realtime */,
				996898632D51F9CF001F2FF7 /* Storage */,
				998F2F7A2D51FEFB001FE0A2 /* Supabase */,
			);
			productName = PersonalAssistant;
			productReference = 996898282D51F6EF001F2FF7 /* PersonalAssistant.app */;
			productType = "com.apple.product-type.application";
		};
		996898372D51F6F1001F2FF7 /* PersonalAssistantTests */ = {
			isa = PBXNativeTarget;
			buildConfigurationList = 9968984F2D51F6F1001F2FF7 /* Build configuration list for PBXNativeTarget "PersonalAssistantTests" */;
			buildPhases = (
				996898342D51F6F1001F2FF7 /* Sources */,
				996898352D51F6F1001F2FF7 /* Frameworks */,
				996898362D51F6F1001F2FF7 /* Resources */,
			);
			buildRules = (
			);
			dependencies = (
				9968983A2D51F6F1001F2FF7 /* PBXTargetDependency */,
			);
			fileSystemSynchronizedGroups = (
				9968983B2D51F6F1001F2FF7 /* PersonalAssistantTests */,
			);
			name = PersonalAssistantTests;
			packageProductDependencies = (
			);
			productName = PersonalAssistantTests;
			productReference = 996898382D51F6F1001F2FF7 /* PersonalAssistantTests.xctest */;
			productType = "com.apple.product-type.bundle.unit-test";
		};
		996898412D51F6F1001F2FF7 /* PersonalAssistantUITests */ = {
			isa = PBXNativeTarget;
			buildConfigurationList = 996898522D51F6F1001F2FF7 /* Build configuration list for PBXNativeTarget "PersonalAssistantUITests" */;
			buildPhases = (
				9968983E2D51F6F1001F2FF7 /* Sources */,
				9968983F2D51F6F1001F2FF7 /* Frameworks */,
				996898402D51F6F1001F2FF7 /* Resources */,
			);
			buildRules = (
			);
			dependencies = (
				996898442D51F6F1001F2FF7 /* PBXTargetDependency */,
			);
			fileSystemSynchronizedGroups = (
				996898452D51F6F1001F2FF7 /* PersonalAssistantUITests */,
			);
			name = PersonalAssistantUITests;
			packageProductDependencies = (
			);
			productName = PersonalAssistantUITests;
			productReference = 996898422D51F6F1001F2FF7 /* PersonalAssistantUITests.xctest */;
			productType = "com.apple.product-type.bundle.ui-testing";
		};
/* End PBXNativeTarget section */

/* Begin PBXProject section */
		996898202D51F6EF001F2FF7 /* Project object */ = {
			isa = PBXProject;
			attributes = {
				BuildIndependentTargetsInParallel = 1;
				LastSwiftUpdateCheck = 1620;
				LastUpgradeCheck = 1620;
				TargetAttributes = {
					996898272D51F6EF001F2FF7 = {
						CreatedOnToolsVersion = 16.2;
					};
					996898372D51F6F1001F2FF7 = {
						CreatedOnToolsVersion = 16.2;
						TestTargetID = 996898272D51F6EF001F2FF7;
					};
					996898412D51F6F1001F2FF7 = {
						CreatedOnToolsVersion = 16.2;
						TestTargetID = 996898272D51F6EF001F2FF7;
					};
				};
			};
			buildConfigurationList = 996898232D51F6EF001F2FF7 /* Build configuration list for PBXProject "PersonalAssistant" */;
			developmentRegion = en;
			hasScannedForEncodings = 0;
			knownRegions = (
				en,
				Base,
			);
			mainGroup = 9968981F2D51F6EF001F2FF7;
			minimizedProjectReferenceProxies = 1;
			packageReferences = (
				996898552D51F8F7001F2FF7 /* XCRemoteSwiftPackageReference "GoogleSignIn-iOS" */,
				9968985A2D51F9CF001F2FF7 /* XCRemoteSwiftPackageReference "supabase-swift" */,
			);
			preferredProjectObjectVersion = 77;
			productRefGroup = 996898292D51F6EF001F2FF7 /* Products */;
			projectDirPath = "";
			projectRoot = "";
			targets = (
				996898272D51F6EF001F2FF7 /* PersonalAssistant */,
				996898372D51F6F1001F2FF7 /* PersonalAssistantTests */,
				996898412D51F6F1001F2FF7 /* PersonalAssistantUITests */,
			);
		};
/* End PBXProject section */

/* Begin PBXResourcesBuildPhase section */
		996898262D51F6EF001F2FF7 /* Resources */ = {
			isa = PBXResourcesBuildPhase;
			buildActionMask = 2147483647;
			files = (
				99E464BA2D528AF400F3CE22 /* test.plist in Resources */,
			);
			runOnlyForDeploymentPostprocessing = 0;
		};
		996898362D51F6F1001F2FF7 /* Resources */ = {
			isa = PBXResourcesBuildPhase;
			buildActionMask = 2147483647;
			files = (
			);
			runOnlyForDeploymentPostprocessing = 0;
		};
		996898402D51F6F1001F2FF7 /* Resources */ = {
			isa = PBXResourcesBuildPhase;
			buildActionMask = 2147483647;
			files = (
			);
			runOnlyForDeploymentPostprocessing = 0;
		};
/* End PBXResourcesBuildPhase section */

/* Begin PBXSourcesBuildPhase section */
		996898242D51F6EF001F2FF7 /* Sources */ = {
			isa = PBXSourcesBuildPhase;
			buildActionMask = 2147483647;
			files = (
			);
			runOnlyForDeploymentPostprocessing = 0;
		};
		996898342D51F6F1001F2FF7 /* Sources */ = {
			isa = PBXSourcesBuildPhase;
			buildActionMask = 2147483647;
			files = (
			);
			runOnlyForDeploymentPostprocessing = 0;
		};
		9968983E2D51F6F1001F2FF7 /* Sources */ = {
			isa = PBXSourcesBuildPhase;
			buildActionMask = 2147483647;
			files = (
			);
			runOnlyForDeploymentPostprocessing = 0;
		};
/* End PBXSourcesBuildPhase section */

/* Begin PBXTargetDependency section */
		9968983A2D51F6F1001F2FF7 /* PBXTargetDependency */ = {
			isa = PBXTargetDependency;
			target = 996898272D51F6EF001F2FF7 /* PersonalAssistant */;
			targetProxy = 996898392D51F6F1001F2FF7 /* PBXContainerItemProxy */;
		};
		996898442D51F6F1001F2FF7 /* PBXTargetDependency */ = {
			isa = PBXTargetDependency;
			target = 996898272D51F6EF001F2FF7 /* PersonalAssistant */;
			targetProxy = 996898432D51F6F1001F2FF7 /* PBXContainerItemProxy */;
		};
/* End PBXTargetDependency section */

/* Begin XCBuildConfiguration section */
		9968984A2D51F6F1001F2FF7 /* Debug */ = {
			isa = XCBuildConfiguration;
			buildSettings = {
				ALWAYS_SEARCH_USER_PATHS = NO;
				ASSETCATALOG_COMPILER_GENERATE_SWIFT_ASSET_SYMBOL_EXTENSIONS = YES;
				CLANG_ANALYZER_NONNULL = YES;
				CLANG_ANALYZER_NUMBER_OBJECT_CONVERSION = YES_AGGRESSIVE;
				CLANG_CXX_LANGUAGE_STANDARD = "gnu++20";
				CLANG_ENABLE_MODULES = YES;
				CLANG_ENABLE_OBJC_ARC = YES;
				CLANG_ENABLE_OBJC_WEAK = YES;
				CLANG_WARN_BLOCK_CAPTURE_AUTORELEASING = YES;
				CLANG_WARN_BOOL_CONVERSION = YES;
				CLANG_WARN_COMMA = YES;
				CLANG_WARN_CONSTANT_CONVERSION = YES;
				CLANG_WARN_DEPRECATED_OBJC_IMPLEMENTATIONS = YES;
				CLANG_WARN_DIRECT_OBJC_ISA_USAGE = YES_ERROR;
				CLANG_WARN_DOCUMENTATION_COMMENTS = YES;
				CLANG_WARN_EMPTY_BODY = YES;
				CLANG_WARN_ENUM_CONVERSION = YES;
				CLANG_WARN_INFINITE_RECURSION = YES;
				CLANG_WARN_INT_CONVERSION = YES;
				CLANG_WARN_NON_LITERAL_NULL_CONVERSION = YES;
				CLANG_WARN_OBJC_IMPLICIT_RETAIN_SELF = YES;
				CLANG_WARN_OBJC_LITERAL_CONVERSION = YES;
				CLANG_WARN_OBJC_ROOT_CLASS = YES_ERROR;
				CLANG_WARN_QUOTED_INCLUDE_IN_FRAMEWORK_HEADER = YES;
				CLANG_WARN_RANGE_LOOP_ANALYSIS = YES;
				CLANG_WARN_STRICT_PROTOTYPES = YES;
				CLANG_WARN_SUSPICIOUS_MOVE = YES;
				CLANG_WARN_UNGUARDED_AVAILABILITY = YES_AGGRESSIVE;
				CLANG_WARN_UNREACHABLE_CODE = YES;
				CLANG_WARN__DUPLICATE_METHOD_MATCH = YES;
				COPY_PHASE_STRIP = NO;
				DEBUG_INFORMATION_FORMAT = dwarf;
				ENABLE_STRICT_OBJC_MSGSEND = YES;
				ENABLE_TESTABILITY = YES;
				ENABLE_USER_SCRIPT_SANDBOXING = YES;
				GCC_C_LANGUAGE_STANDARD = gnu17;
				GCC_DYNAMIC_NO_PIC = NO;
				GCC_NO_COMMON_BLOCKS = YES;
				GCC_OPTIMIZATION_LEVEL = 0;
				GCC_PREPROCESSOR_DEFINITIONS = (
					"DEBUG=1",
					"$(inherited)",
				);
				GCC_WARN_64_TO_32_BIT_CONVERSION = YES;
				GCC_WARN_ABOUT_RETURN_TYPE = YES_ERROR;
				GCC_WARN_UNDECLARED_SELECTOR = YES;
				GCC_WARN_UNINITIALIZED_AUTOS = YES_AGGRESSIVE;
				GCC_WARN_UNUSED_FUNCTION = YES;
				GCC_WARN_UNUSED_VARIABLE = YES;
				GENERATE_INFOPLIST_FILE = YES;
				GIDClientID = "1030619181451-0kfjli8ffimlm1lossgiof70ietise1g.apps.googleusercontent.com";
				INFOPLIST_FILE = test.plist;
				IPHONEOS_DEPLOYMENT_TARGET = 18.2;
				LOCALIZATION_PREFERS_STRING_CATALOGS = YES;
				MTL_ENABLE_DEBUG_INFO = INCLUDE_SOURCE;
				MTL_FAST_MATH = YES;
				ONLY_ACTIVE_ARCH = YES;
				SDKROOT = iphoneos;
				SWIFT_ACTIVE_COMPILATION_CONDITIONS = "DEBUG $(inherited)";
				SWIFT_OPTIMIZATION_LEVEL = "-Onone";
			};
			name = Debug;
		};
		9968984B2D51F6F1001F2FF7 /* Release */ = {
			isa = XCBuildConfiguration;
			buildSettings = {
				ALWAYS_SEARCH_USER_PATHS = NO;
				ASSETCATALOG_COMPILER_GENERATE_SWIFT_ASSET_SYMBOL_EXTENSIONS = YES;
				CLANG_ANALYZER_NONNULL = YES;
				CLANG_ANALYZER_NUMBER_OBJECT_CONVERSION = YES_AGGRESSIVE;
				CLANG_CXX_LANGUAGE_STANDARD = "gnu++20";
				CLANG_ENABLE_MODULES = YES;
				CLANG_ENABLE_OBJC_ARC = YES;
				CLANG_ENABLE_OBJC_WEAK = YES;
				CLANG_WARN_BLOCK_CAPTURE_AUTORELEASING = YES;
				CLANG_WARN_BOOL_CONVERSION = YES;
				CLANG_WARN_COMMA = YES;
				CLANG_WARN_CONSTANT_CONVERSION = YES;
				CLANG_WARN_DEPRECATED_OBJC_IMPLEMENTATIONS = YES;
				CLANG_WARN_DIRECT_OBJC_ISA_USAGE = YES_ERROR;
				CLANG_WARN_DOCUMENTATION_COMMENTS = YES;
				CLANG_WARN_EMPTY_BODY = YES;
				CLANG_WARN_ENUM_CONVERSION = YES;
				CLANG_WARN_INFINITE_RECURSION = YES;
				CLANG_WARN_INT_CONVERSION = YES;
				CLANG_WARN_NON_LITERAL_NULL_CONVERSION = YES;
				CLANG_WARN_OBJC_IMPLICIT_RETAIN_SELF = YES;
				CLANG_WARN_OBJC_LITERAL_CONVERSION = YES;
				CLANG_WARN_OBJC_ROOT_CLASS = YES_ERROR;
				CLANG_WARN_QUOTED_INCLUDE_IN_FRAMEWORK_HEADER = YES;
				CLANG_WARN_RANGE_LOOP_ANALYSIS = YES;
				CLANG_WARN_STRICT_PROTOTYPES = YES;
				CLANG_WARN_SUSPICIOUS_MOVE = YES;
				CLANG_WARN_UNGUARDED_AVAILABILITY = YES_AGGRESSIVE;
				CLANG_WARN_UNREACHABLE_CODE = YES;
				CLANG_WARN__DUPLICATE_METHOD_MATCH = YES;
				COPY_PHASE_STRIP = NO;
				DEBUG_INFORMATION_FORMAT = "dwarf-with-dsym";
				ENABLE_NS_ASSERTIONS = NO;
				ENABLE_STRICT_OBJC_MSGSEND = YES;
				ENABLE_USER_SCRIPT_SANDBOXING = YES;
				GCC_C_LANGUAGE_STANDARD = gnu17;
				GCC_NO_COMMON_BLOCKS = YES;
				GCC_WARN_64_TO_32_BIT_CONVERSION = YES;
				GCC_WARN_ABOUT_RETURN_TYPE = YES_ERROR;
				GCC_WARN_UNDECLARED_SELECTOR = YES;
				GCC_WARN_UNINITIALIZED_AUTOS = YES_AGGRESSIVE;
				GCC_WARN_UNUSED_FUNCTION = YES;
				GCC_WARN_UNUSED_VARIABLE = YES;
				GENERATE_INFOPLIST_FILE = YES;
				GIDClientID = "1030619181451-0kfjli8ffimlm1lossgiof70ietise1g.apps.googleusercontent.com";
				INFOPLIST_FILE = test.plist;
				IPHONEOS_DEPLOYMENT_TARGET = 18.2;
				LOCALIZATION_PREFERS_STRING_CATALOGS = YES;
				MTL_ENABLE_DEBUG_INFO = NO;
				MTL_FAST_MATH = YES;
				SDKROOT = iphoneos;
				SWIFT_COMPILATION_MODE = wholemodule;
				VALIDATE_PRODUCT = YES;
			};
			name = Release;
		};
		9968984D2D51F6F1001F2FF7 /* Debug */ = {
			isa = XCBuildConfiguration;
			buildSettings = {
				ASSETCATALOG_COMPILER_APPICON_NAME = AppIcon;
				ASSETCATALOG_COMPILER_GLOBAL_ACCENT_COLOR_NAME = AccentColor;
				CODE_SIGN_STYLE = Automatic;
				CURRENT_PROJECT_VERSION = 1;
				DEVELOPMENT_ASSET_PATHS = "\"PersonalAssistant/Preview Content\"";
				ENABLE_PREVIEWS = YES;
				GENERATE_INFOPLIST_FILE = YES;
				INFOPLIST_KEY_UIApplicationSceneManifest_Generation = YES;
				INFOPLIST_KEY_UIApplicationSupportsIndirectInputEvents = YES;
				INFOPLIST_KEY_UILaunchScreen_Generation = YES;
				INFOPLIST_KEY_UISupportedInterfaceOrientations_iPad = "UIInterfaceOrientationPortrait UIInterfaceOrientationPortraitUpsideDown UIInterfaceOrientationLandscapeLeft UIInterfaceOrientationLandscapeRight";
				INFOPLIST_KEY_UISupportedInterfaceOrientations_iPhone = "UIInterfaceOrientationPortrait UIInterfaceOrientationLandscapeLeft UIInterfaceOrientationLandscapeRight";
				LD_RUNPATH_SEARCH_PATHS = (
					"$(inherited)",
					"@executable_path/Frameworks",
				);
				MARKETING_VERSION = 1.0;
				PRODUCT_BUNDLE_IDENTIFIER = com.future.PersonalAssistant;
				PRODUCT_NAME = "$(TARGET_NAME)";
				SWIFT_EMIT_LOC_STRINGS = YES;
				SWIFT_VERSION = 5.0;
				TARGETED_DEVICE_FAMILY = "1,2";
			};
			name = Debug;
		};
		9968984E2D51F6F1001F2FF7 /* Release */ = {
			isa = XCBuildConfiguration;
			buildSettings = {
				ASSETCATALOG_COMPILER_APPICON_NAME = AppIcon;
				ASSETCATALOG_COMPILER_GLOBAL_ACCENT_COLOR_NAME = AccentColor;
				CODE_SIGN_STYLE = Automatic;
				CURRENT_PROJECT_VERSION = 1;
				DEVELOPMENT_ASSET_PATHS = "\"PersonalAssistant/Preview Content\"";
				ENABLE_PREVIEWS = YES;
				GENERATE_INFOPLIST_FILE = YES;
				INFOPLIST_KEY_UIApplicationSceneManifest_Generation = YES;
				INFOPLIST_KEY_UIApplicationSupportsIndirectInputEvents = YES;
				INFOPLIST_KEY_UILaunchScreen_Generation = YES;
				INFOPLIST_KEY_UISupportedInterfaceOrientations_iPad = "UIInterfaceOrientationPortrait UIInterfaceOrientationPortraitUpsideDown UIInterfaceOrientationLandscapeLeft UIInterfaceOrientationLandscapeRight";
				INFOPLIST_KEY_UISupportedInterfaceOrientations_iPhone = "UIInterfaceOrientationPortrait UIInterfaceOrientationLandscapeLeft UIInterfaceOrientationLandscapeRight";
				LD_RUNPATH_SEARCH_PATHS = (
					"$(inherited)",
					"@executable_path/Frameworks",
				);
				MARKETING_VERSION = 1.0;
				PRODUCT_BUNDLE_IDENTIFIER = com.future.PersonalAssistant;
				PRODUCT_NAME = "$(TARGET_NAME)";
				SWIFT_EMIT_LOC_STRINGS = YES;
				SWIFT_VERSION = 5.0;
				TARGETED_DEVICE_FAMILY = "1,2";
			};
			name = Release;
		};
		996898502D51F6F1001F2FF7 /* Debug */ = {
			isa = XCBuildConfiguration;
			buildSettings = {
				BUNDLE_LOADER = "$(TEST_HOST)";
				CODE_SIGN_STYLE = Automatic;
				CURRENT_PROJECT_VERSION = 1;
				GENERATE_INFOPLIST_FILE = YES;
				IPHONEOS_DEPLOYMENT_TARGET = 18.2;
				MARKETING_VERSION = 1.0;
				PRODUCT_BUNDLE_IDENTIFIER = com.future.PersonalAssistantTests;
				PRODUCT_NAME = "$(TARGET_NAME)";
				SWIFT_EMIT_LOC_STRINGS = NO;
				SWIFT_VERSION = 5.0;
				TARGETED_DEVICE_FAMILY = "1,2";
				TEST_HOST = "$(BUILT_PRODUCTS_DIR)/PersonalAssistant.app/$(BUNDLE_EXECUTABLE_FOLDER_PATH)/PersonalAssistant";
			};
			name = Debug;
		};
		996898512D51F6F1001F2FF7 /* Release */ = {
			isa = XCBuildConfiguration;
			buildSettings = {
				BUNDLE_LOADER = "$(TEST_HOST)";
				CODE_SIGN_STYLE = Automatic;
				CURRENT_PROJECT_VERSION = 1;
				GENERATE_INFOPLIST_FILE = YES;
				IPHONEOS_DEPLOYMENT_TARGET = 18.2;
				MARKETING_VERSION = 1.0;
				PRODUCT_BUNDLE_IDENTIFIER = com.future.PersonalAssistantTests;
				PRODUCT_NAME = "$(TARGET_NAME)";
				SWIFT_EMIT_LOC_STRINGS = NO;
				SWIFT_VERSION = 5.0;
				TARGETED_DEVICE_FAMILY = "1,2";
				TEST_HOST = "$(BUILT_PRODUCTS_DIR)/PersonalAssistant.app/$(BUNDLE_EXECUTABLE_FOLDER_PATH)/PersonalAssistant";
			};
			name = Release;
		};
		996898532D51F6F1001F2FF7 /* Debug */ = {
			isa = XCBuildConfiguration;
			buildSettings = {
				CODE_SIGN_STYLE = Automatic;
				CURRENT_PROJECT_VERSION = 1;
				GENERATE_INFOPLIST_FILE = YES;
				MARKETING_VERSION = 1.0;
				PRODUCT_BUNDLE_IDENTIFIER = com.future.PersonalAssistantUITests;
				PRODUCT_NAME = "$(TARGET_NAME)";
				SWIFT_EMIT_LOC_STRINGS = NO;
				SWIFT_VERSION = 5.0;
				TARGETED_DEVICE_FAMILY = "1,2";
				TEST_TARGET_NAME = PersonalAssistant;
			};
			name = Debug;
		};
		996898542D51F6F1001F2FF7 /* Release */ = {
			isa = XCBuildConfiguration;
			buildSettings = {
				CODE_SIGN_STYLE = Automatic;
				CURRENT_PROJECT_VERSION = 1;
				GENERATE_INFOPLIST_FILE = YES;
				MARKETING_VERSION = 1.0;
				PRODUCT_BUNDLE_IDENTIFIER = com.future.PersonalAssistantUITests;
				PRODUCT_NAME = "$(TARGET_NAME)";
				SWIFT_EMIT_LOC_STRINGS = NO;
				SWIFT_VERSION = 5.0;
				TARGETED_DEVICE_FAMILY = "1,2";
				TEST_TARGET_NAME = PersonalAssistant;
			};
			name = Release;
		};
/* End XCBuildConfiguration section */

/* Begin XCConfigurationList section */
		996898232D51F6EF001F2FF7 /* Build configuration list for PBXProject "PersonalAssistant" */ = {
			isa = XCConfigurationList;
			buildConfigurations = (
				9968984A2D51F6F1001F2FF7 /* Debug */,
				9968984B2D51F6F1001F2FF7 /* Release */,
			);
			defaultConfigurationIsVisible = 0;
			defaultConfigurationName = Release;
		};
		9968984C2D51F6F1001F2FF7 /* Build configuration list for PBXNativeTarget "PersonalAssistant" */ = {
			isa = XCConfigurationList;
			buildConfigurations = (
				9968984D2D51F6F1001F2FF7 /* Debug */,
				9968984E2D51F6F1001F2FF7 /* Release */,
			);
			defaultConfigurationIsVisible = 0;
			defaultConfigurationName = Release;
		};
		9968984F2D51F6F1001F2FF7 /* Build configuration list for PBXNativeTarget "PersonalAssistantTests" */ = {
			isa = XCConfigurationList;
			buildConfigurations = (
				996898502D51F6F1001F2FF7 /* Debug */,
				996898512D51F6F1001F2FF7 /* Release */,
			);
			defaultConfigurationIsVisible = 0;
			defaultConfigurationName = Release;
		};
		996898522D51F6F1001F2FF7 /* Build configuration list for PBXNativeTarget "PersonalAssistantUITests" */ = {
			isa = XCConfigurationList;
			buildConfigurations = (
				996898532D51F6F1001F2FF7 /* Debug */,
				996898542D51F6F1001F2FF7 /* Release */,
			);
			defaultConfigurationIsVisible = 0;
			defaultConfigurationName = Release;
		};
/* End XCConfigurationList section */

/* Begin XCRemoteSwiftPackageReference section */
		996898552D51F8F7001F2FF7 /* XCRemoteSwiftPackageReference "GoogleSignIn-iOS" */ = {
			isa = XCRemoteSwiftPackageReference;
			repositoryURL = "https://github.com/google/GoogleSignIn-iOS";
			requirement = {
				kind = upToNextMajorVersion;
				minimumVersion = 8.0.0;
			};
		};
		9968985A2D51F9CF001F2FF7 /* XCRemoteSwiftPackageReference "supabase-swift" */ = {
			isa = XCRemoteSwiftPackageReference;
			repositoryURL = "https://github.com/supabase/supabase-swift";
			requirement = {
				kind = upToNextMajorVersion;
				minimumVersion = 2.5.1;
			};
		};
/* End XCRemoteSwiftPackageReference section */

/* Begin XCSwiftPackageProductDependency section */
		996898562D51F8F7001F2FF7 /* GoogleSignIn */ = {
			isa = XCSwiftPackageProductDependency;
			package = 996898552D51F8F7001F2FF7 /* XCRemoteSwiftPackageReference "GoogleSignIn-iOS" */;
			productName = GoogleSignIn;
		};
		996898582D51F8F7001F2FF7 /* GoogleSignInSwift */ = {
			isa = XCSwiftPackageProductDependency;
			package = 996898552D51F8F7001F2FF7 /* XCRemoteSwiftPackageReference "GoogleSignIn-iOS" */;
			productName = GoogleSignInSwift;
		};
		9968985B2D51F9CF001F2FF7 /* Auth */ = {
			isa = XCSwiftPackageProductDependency;
			package = 9968985A2D51F9CF001F2FF7 /* XCRemoteSwiftPackageReference "supabase-swift" */;
			productName = Auth;
		};
		9968985D2D51F9CF001F2FF7 /* Functions */ = {
			isa = XCSwiftPackageProductDependency;
			package = 9968985A2D51F9CF001F2FF7 /* XCRemoteSwiftPackageReference "supabase-swift" */;
			productName = Functions;
		};
		9968985F2D51F9CF001F2FF7 /* PostgREST */ = {
			isa = XCSwiftPackageProductDependency;
			package = 9968985A2D51F9CF001F2FF7 /* XCRemoteSwiftPackageReference "supabase-swift" */;
			productName = PostgREST;
		};
		996898612D51F9CF001F2FF7 /* Realtime */ = {
			isa = XCSwiftPackageProductDependency;
			package = 9968985A2D51F9CF001F2FF7 /* XCRemoteSwiftPackageReference "supabase-swift" */;
			productName = Realtime;
		};
		996898632D51F9CF001F2FF7 /* Storage */ = {
			isa = XCSwiftPackageProductDependency;
			package = 9968985A2D51F9CF001F2FF7 /* XCRemoteSwiftPackageReference "supabase-swift" */;
			productName = Storage;
		};
		998F2F7A2D51FEFB001FE0A2 /* Supabase */ = {
			isa = XCSwiftPackageProductDependency;
			package = 9968985A2D51F9CF001F2FF7 /* XCRemoteSwiftPackageReference "supabase-swift" */;
			productName = Supabase;
		};
/* End XCSwiftPackageProductDependency section */
	};
	rootObject = 996898202D51F6EF001F2FF7 /* Project object */;
}
